
Microsoft Visual Studio Solution File, Format Version 12.00
# Visual Studio Version 17
VisualStudioVersion = 17.7.34202.233
MinimumVisualStudioVersion = 10.0.40219.1
Project("{888888A0-9F3D-457C-B088-3A5042F75D52}") = "machine_learning", "machine_learning.pyproj", "{D2A05333-C689-4E58-8184-F093B4F0806C}"
EndProject
Global
	GlobalSection(SolutionConfigurationPlatforms) = preSolution
		Debug|Any CPU = Debug|Any CPU
		Release|Any CPU = Release|Any CPU
	EndGlobalSection
	GlobalSection(ProjectConfigurationPlatforms) = postSolution
		{D2A05333-C689-4E58-8184-F093B4F0806C}.Debug|Any CPU.ActiveCfg = Debug|Any CPU
		{D2A05333-C689-4E58-8184-F093B4F0806C}.Release|Any CPU.ActiveCfg = Release|Any CPU
	EndGlobalSection
	GlobalSection(SolutionProperties) = preSolution
		HideSolutionNode = FALSE
	EndGlobalSection
	GlobalSection(ExtensibilityGlobals) = postSolution
		SolutionGuid = {E8FE8635-E302-474F-8CBA-1014C5E2C5DB}
	EndGlobalSection
EndGlobal
